// !$*UTF8*$!
{
	archiveVersion = 1;
	classes = {
	};
	objectVersion = 48;
	objects = {

/* Begin PBXBuildFile section */
		BC04ED98203AE235008F6AC3 /* Contact Page.swift in Sources */ = {isa = PBXBuildFile; fileRef = BC04ED97203AE235008F6AC3 /* Contact Page.swift */; };
		BC086C682048564B006D2310 /* ActiviteHeureModallyViewController.swift in Sources */ = {isa = PBXBuildFile; fileRef = BC086C672048564B006D2310 /* ActiviteHeureModallyViewController.swift */; };
		BC09AA0F205F17FB00FACC62 /* ActiviteDAO.swift in Sources */ = {isa = PBXBuildFile; fileRef = BC09AA0E205F17FB00FACC62 /* ActiviteDAO.swift */; };
		BC09AA11205F183200FACC62 /* CoreDataActiviteDAO.swift in Sources */ = {isa = PBXBuildFile; fileRef = BC09AA10205F183200FACC62 /* CoreDataActiviteDAO.swift */; };
		BC09AA14205F21A400FACC62 /* HeureDAO.swift in Sources */ = {isa = PBXBuildFile; fileRef = BC09AA13205F21A400FACC62 /* HeureDAO.swift */; };
		BC09AA16205F21CF00FACC62 /* CoreDataHeureDAO.swift in Sources */ = {isa = PBXBuildFile; fileRef = BC09AA15205F21CF00FACC62 /* CoreDataHeureDAO.swift */; };
		BC0C9D0E203830230067EBB8 /* AppDelegate.swift in Sources */ = {isa = PBXBuildFile; fileRef = BC0C9D0D203830220067EBB8 /* AppDelegate.swift */; };
		BC0C9D10203830230067EBB8 /* ViewController.swift in Sources */ = {isa = PBXBuildFile; fileRef = BC0C9D0F203830230067EBB8 /* ViewController.swift */; };
		BC0C9D13203830230067EBB8 /* Main.storyboard in Resources */ = {isa = PBXBuildFile; fileRef = BC0C9D11203830230067EBB8 /* Main.storyboard */; };
		BC0C9D16203830240067EBB8 /* Swift_Project.xcdatamodeld in Sources */ = {isa = PBXBuildFile; fileRef = BC0C9D14203830230067EBB8 /* Swift_Project.xcdatamodeld */; };
		BC0C9D18203830240067EBB8 /* Assets.xcassets in Resources */ = {isa = PBXBuildFile; fileRef = BC0C9D17203830240067EBB8 /* Assets.xcassets */; };
		BC0C9D26203830300067EBB8 /* Swift_ProjectTests.swift in Sources */ = {isa = PBXBuildFile; fileRef = BC0C9D25203830300067EBB8 /* Swift_ProjectTests.swift */; };
		BC0C9D31203830310067EBB8 /* Swift_ProjectUITests.swift in Sources */ = {isa = PBXBuildFile; fileRef = BC0C9D30203830310067EBB8 /* Swift_ProjectUITests.swift */; };
		BC14172F2056BDC2008A4B8B /* ActiviteListeViewController.swift in Sources */ = {isa = PBXBuildFile; fileRef = BC14172E2056BDC2008A4B8B /* ActiviteListeViewController.swift */; };
		BC322EA2205F9A58005A20DE /* TypeSymptomeSeed.swift in Sources */ = {isa = PBXBuildFile; fileRef = BC322EA1205F9A58005A20DE /* TypeSymptomeSeed.swift */; };
		BC322EA4205F9C4E005A20DE /* TypeSymptomeDAO.swift in Sources */ = {isa = PBXBuildFile; fileRef = BC322EA3205F9C4E005A20DE /* TypeSymptomeDAO.swift */; };
		BC322EA6205F9C7D005A20DE /* CoreDataTypeSymptomeDAO.swift in Sources */ = {isa = PBXBuildFile; fileRef = BC322EA5205F9C7D005A20DE /* CoreDataTypeSymptomeDAO.swift */; };
		BC322EA9205FA450005A20DE /* SymptomeDAO.swift in Sources */ = {isa = PBXBuildFile; fileRef = BC322EA8205FA450005A20DE /* SymptomeDAO.swift */; };
		BC322EAB205FA487005A20DE /* CoreDataSymptomeDAO.swift in Sources */ = {isa = PBXBuildFile; fileRef = BC322EAA205FA487005A20DE /* CoreDataSymptomeDAO.swift */; };
		BC322EAD205FB420005A20DE /* TypeSurveillanceSeed.swift in Sources */ = {isa = PBXBuildFile; fileRef = BC322EAC205FB420005A20DE /* TypeSurveillanceSeed.swift */; };
		BC322EAF205FB528005A20DE /* TypeSurveillanceDAO.swift in Sources */ = {isa = PBXBuildFile; fileRef = BC322EAE205FB528005A20DE /* TypeSurveillanceDAO.swift */; };
		BC322EB1205FB5EE005A20DE /* CoreDataTypeSurveillanceDAO.swift in Sources */ = {isa = PBXBuildFile; fileRef = BC322EB0205FB5EE005A20DE /* CoreDataTypeSurveillanceDAO.swift */; };
		BC322EB3205FDAC4005A20DE /* SurveillanceDAO.swift in Sources */ = {isa = PBXBuildFile; fileRef = BC322EB2205FDAC4005A20DE /* SurveillanceDAO.swift */; };
		BC322EB5205FDAF8005A20DE /* CoreDataSurveillanceDAO.swift in Sources */ = {isa = PBXBuildFile; fileRef = BC322EB4205FDAF8005A20DE /* CoreDataSurveillanceDAO.swift */; };
		BC322EB9205FEDE9005A20DE /* CoreDataManager.swift in Sources */ = {isa = PBXBuildFile; fileRef = BC322EB8205FEDE8005A20DE /* CoreDataManager.swift */; };
		BC322EBB2061152D005A20DE /* SymptomeModel.swift in Sources */ = {isa = PBXBuildFile; fileRef = BC322EBA2061152C005A20DE /* SymptomeModel.swift */; };
		BC322EBD20611639005A20DE /* SymptomeExtension.swift in Sources */ = {isa = PBXBuildFile; fileRef = BC322EBC20611638005A20DE /* SymptomeExtension.swift */; };
		BC567C82204B103E00764B79 /* SymptomeTypeViewController.swift in Sources */ = {isa = PBXBuildFile; fileRef = BC567C81204B103E00764B79 /* SymptomeTypeViewController.swift */; };
		BC567C88204BFBED00764B79 /* SymptomeAjoutViewController.swift in Sources */ = {isa = PBXBuildFile; fileRef = BC567C87204BFBED00764B79 /* SymptomeAjoutViewController.swift */; };
		BC646C5920501CAC004F3A2B /* ActiviteDateDebutViewController.swift in Sources */ = {isa = PBXBuildFile; fileRef = BC646C5820501CAC004F3A2B /* ActiviteDateDebutViewController.swift */; };
		BC646C5B20501F7E004F3A2B /* ActiviteDateFinViewController.swift in Sources */ = {isa = PBXBuildFile; fileRef = BC646C5A20501F7E004F3A2B /* ActiviteDateFinViewController.swift */; };
		BC6AD69A20556595001F1E04 /* SurveillanceTypeViewController.swift in Sources */ = {isa = PBXBuildFile; fileRef = BC6AD69920556595001F1E04 /* SurveillanceTypeViewController.swift */; };
		BC6AD69C205565AC001F1E04 /* SurveillanceHeureViewController.swift in Sources */ = {isa = PBXBuildFile; fileRef = BC6AD69B205565AC001F1E04 /* SurveillanceHeureViewController.swift */; };
		BC6AD69E205565B7001F1E04 /* SurveillanceDateViewController.swift in Sources */ = {isa = PBXBuildFile; fileRef = BC6AD69D205565B7001F1E04 /* SurveillanceDateViewController.swift */; };
		BC6AD6A1205565CD001F1E04 /* SurveillanceAjoutViewController.swift in Sources */ = {isa = PBXBuildFile; fileRef = BC6AD6A0205565CD001F1E04 /* SurveillanceAjoutViewController.swift */; };
		BC6AD6A320557351001F1E04 /* MedecinModel.swift in Sources */ = {isa = PBXBuildFile; fileRef = BC6AD6A220557351001F1E04 /* MedecinModel.swift */; };
		BC6AD6A5205573BF001F1E04 /* SpecialiteModel.swift in Sources */ = {isa = PBXBuildFile; fileRef = BC6AD6A4205573BF001F1E04 /* SpecialiteModel.swift */; };
		BC6AD6A720557435001F1E04 /* CentreHospitalierModel.swift in Sources */ = {isa = PBXBuildFile; fileRef = BC6AD6A620557435001F1E04 /* CentreHospitalierModel.swift */; };
		BC6AD6A9205574BD001F1E04 /* MedicamentModel.swift in Sources */ = {isa = PBXBuildFile; fileRef = BC6AD6A8205574BD001F1E04 /* MedicamentModel.swift */; };
		BC6AD6AB205574EE001F1E04 /* SurveillanceModel.swift in Sources */ = {isa = PBXBuildFile; fileRef = BC6AD6AA205574EE001F1E04 /* SurveillanceModel.swift */; };
		BC6AD6AD20557511001F1E04 /* TypeSymptomeModel.swift in Sources */ = {isa = PBXBuildFile; fileRef = BC6AD6AC20557511001F1E04 /* TypeSymptomeModel.swift */; };
		BC6AD6AF2055752C001F1E04 /* ActiviteModel.swift in Sources */ = {isa = PBXBuildFile; fileRef = BC6AD6AE2055752C001F1E04 /* ActiviteModel.swift */; };
		BC6AD6B120557570001F1E04 /* TypeActiviteModel.swift in Sources */ = {isa = PBXBuildFile; fileRef = BC6AD6B020557570001F1E04 /* TypeActiviteModel.swift */; };
		BC6AD6B720557815001F1E04 /* ListeSymptomesModel.swift in Sources */ = {isa = PBXBuildFile; fileRef = BC6AD6B620557815001F1E04 /* ListeSymptomesModel.swift */; };
		BC6FE5A62044434600D862B6 /* MedecinController.swift in Sources */ = {isa = PBXBuildFile; fileRef = BC6FE5A52044434500D862B6 /* MedecinController.swift */; };
		BC6FE5A8204465F900D862B6 /* ActiviteTypeViewController.swift in Sources */ = {isa = PBXBuildFile; fileRef = BC6FE5A7204465F900D862B6 /* ActiviteTypeViewController.swift */; };
		BC6FE5AA204487F100D862B6 /* ActiviteJoursViewController.swift in Sources */ = {isa = PBXBuildFile; fileRef = BC6FE5A9204487F100D862B6 /* ActiviteJoursViewController.swift */; };
		BC7FA79520638732000824BE /* MedicamentDAO.swift in Sources */ = {isa = PBXBuildFile; fileRef = BC7FA79420638732000824BE /* MedicamentDAO.swift */; };
		BC7FA79720638794000824BE /* CoreDataMedicamentDAO.swift in Sources */ = {isa = PBXBuildFile; fileRef = BC7FA79620638794000824BE /* CoreDataMedicamentDAO.swift */; };
		BC7FA7992063A237000824BE /* RDVAjoutTempsViewController.swift in Sources */ = {isa = PBXBuildFile; fileRef = BC7FA7982063A237000824BE /* RDVAjoutTempsViewController.swift */; };
		BC7FA79B2063A962000824BE /* RDVAjoutHeureViewController.swift in Sources */ = {isa = PBXBuildFile; fileRef = BC7FA79A2063A962000824BE /* RDVAjoutHeureViewController.swift */; };
		BC7FA79D2063A976000824BE /* RDVAjoutDateViewController.swift in Sources */ = {isa = PBXBuildFile; fileRef = BC7FA79C2063A976000824BE /* RDVAjoutDateViewController.swift */; };
		BC99F0132046B83E00D2FBA0 /* ActiviteHeuresViewController.swift in Sources */ = {isa = PBXBuildFile; fileRef = BC99F0122046B83E00D2FBA0 /* ActiviteHeuresViewController.swift */; };
		BCD7C4F3205032190010A584 /* ActiviteAjoutViewController.swift in Sources */ = {isa = PBXBuildFile; fileRef = BCD7C4F2205032190010A584 /* ActiviteAjoutViewController.swift */; };
		BCDB983D2056F88C0081FCA9 /* SymptomeHeureViewController.swift in Sources */ = {isa = PBXBuildFile; fileRef = BCDB983C2056F88C0081FCA9 /* SymptomeHeureViewController.swift */; };
		BCDB983F2056FA570081FCA9 /* SymptomeDateViewController.swift in Sources */ = {isa = PBXBuildFile; fileRef = BCDB983E2056FA570081FCA9 /* SymptomeDateViewController.swift */; };
		BCE6D8F8205E9C77003068B8 /* JourSeed.swift in Sources */ = {isa = PBXBuildFile; fileRef = BCE6D8F7205E9C77003068B8 /* JourSeed.swift */; };
		BCE6D8FE205EA06F003068B8 /* JourDAO.swift in Sources */ = {isa = PBXBuildFile; fileRef = BCE6D8FD205EA06F003068B8 /* JourDAO.swift */; };
		BCE6D8FF205EA592003068B8 /* CoreDataJourDAO.swift in Sources */ = {isa = PBXBuildFile; fileRef = BCE6D8F9205EA013003068B8 /* CoreDataJourDAO.swift */; };
		BCE6D903205EA821003068B8 /* DataHelper.swift in Sources */ = {isa = PBXBuildFile; fileRef = BCE6D902205EA821003068B8 /* DataHelper.swift */; };
		BCE6D905205EA8AF003068B8 /* CoreDataDAOFactory.swift in Sources */ = {isa = PBXBuildFile; fileRef = BCE6D904205EA8AF003068B8 /* CoreDataDAOFactory.swift */; };
		BCE6D907205EA8EF003068B8 /* ProtocolDAOFactory.swift in Sources */ = {isa = PBXBuildFile; fileRef = BCE6D906205EA8EF003068B8 /* ProtocolDAOFactory.swift */; };
		BCEEC3A42069412F00DEA125 /* CellRdvCollectionViewCell.swift in Sources */ = {isa = PBXBuildFile; fileRef = BCEEC3A32069412F00DEA125 /* CellRdvCollectionViewCell.swift */; };
		BCFA13502065AA130013FF40 /* MedicamentListeViewController.swift in Sources */ = {isa = PBXBuildFile; fileRef = BCFA134F2065AA130013FF40 /* MedicamentListeViewController.swift */; };
		BCFA135220664B290013FF40 /* RendezVousDAO.swift in Sources */ = {isa = PBXBuildFile; fileRef = BCFA135120664B290013FF40 /* RendezVousDAO.swift */; };
		BCFA135420664BB10013FF40 /* CoreDataRendezVousDAO.swift in Sources */ = {isa = PBXBuildFile; fileRef = BCFA135320664BB10013FF40 /* CoreDataRendezVousDAO.swift */; };
		BCFA135920664FB80013FF40 /* RDVListeViewController.swift in Sources */ = {isa = PBXBuildFile; fileRef = BCFA135820664FB80013FF40 /* RDVListeViewController.swift */; };
		BCFA135B20665B530013FF40 /* RDVAjoutViewController.swift in Sources */ = {isa = PBXBuildFile; fileRef = BCFA135A20665B530013FF40 /* RDVAjoutViewController.swift */; };
		BCFA135D206661290013FF40 /* MedecinDAO.swift in Sources */ = {isa = PBXBuildFile; fileRef = BCFA135C206661290013FF40 /* MedecinDAO.swift */; };
		BCFA135F206661B20013FF40 /* CoreDataMedecinDAO.swift in Sources */ = {isa = PBXBuildFile; fileRef = BCFA135E206661B20013FF40 /* CoreDataMedecinDAO.swift */; };
		BCFA136320666AC90013FF40 /* AjouterMedecinViewController.swift in Sources */ = {isa = PBXBuildFile; fileRef = BCFA136220666AC90013FF40 /* AjouterMedecinViewController.swift */; };
		BE211F01205E7D36009AA058 /* SuiviPatientViewController.swift in Sources */ = {isa = PBXBuildFile; fileRef = BE211F00205E7D36009AA058 /* SuiviPatientViewController.swift */; };
		BE3107BA2057187D0087EA02 /* RDVAjoutInfosViewController.swift in Sources */ = {isa = PBXBuildFile; fileRef = BE3107B92057187D0087EA02 /* RDVAjoutInfosViewController.swift */; };
		BE4F32A020557AAA00C6121A /* MedicamentDateDebutViewController.swift in Sources */ = {isa = PBXBuildFile; fileRef = BE4F329F20557AAA00C6121A /* MedicamentDateDebutViewController.swift */; };
		BE4F32A220557AB900C6121A /* MedicamentDateFinViewController.swift in Sources */ = {isa = PBXBuildFile; fileRef = BE4F32A120557AB900C6121A /* MedicamentDateFinViewController.swift */; };
		BE4F32A420557BB600C6121A /* MedicamentAjoutViewController.swift in Sources */ = {isa = PBXBuildFile; fileRef = BE4F32A320557BB600C6121A /* MedicamentAjoutViewController.swift */; };
		BE9F4C7420591323002DBB3D /* PatientExtension.swift in Sources */ = {isa = PBXBuildFile; fileRef = BE9F4C7320591323002DBB3D /* PatientExtension.swift */; };
		BE9F4C7B2059212E002DBB3D /* MedecinExtension.swift in Sources */ = {isa = PBXBuildFile; fileRef = BE9F4C7A2059212E002DBB3D /* MedecinExtension.swift */; };
		BE9F4C7D20592348002DBB3D /* CentreHospitalierExtension.swift in Sources */ = {isa = PBXBuildFile; fileRef = BE9F4C7C20592348002DBB3D /* CentreHospitalierExtension.swift */; };
		BE9F4C81205926CC002DBB3D /* RendezVousExtension.swift in Sources */ = {isa = PBXBuildFile; fileRef = BE9F4C80205926CC002DBB3D /* RendezVousExtension.swift */; };
		BE9F4C8320592724002DBB3D /* RendezVousModel.swift in Sources */ = {isa = PBXBuildFile; fileRef = BE9F4C8220592724002DBB3D /* RendezVousModel.swift */; };
		BE9F4C852059385A002DBB3D /* SprecialiteExtension.swift in Sources */ = {isa = PBXBuildFile; fileRef = BE9F4C842059385A002DBB3D /* SprecialiteExtension.swift */; };
		BE9F4C8720593970002DBB3D /* TypeActiviteExtension.swift in Sources */ = {isa = PBXBuildFile; fileRef = BE9F4C8620593970002DBB3D /* TypeActiviteExtension.swift */; };
		BE9F4C89205940E1002DBB3D /* TypeEvenementExtension.swift in Sources */ = {isa = PBXBuildFile; fileRef = BE9F4C88205940E1002DBB3D /* TypeEvenementExtension.swift */; };
		BE9F4C8B20594404002DBB3D /* TypeSymptomeExtension.swift in Sources */ = {isa = PBXBuildFile; fileRef = BE9F4C8A20594404002DBB3D /* TypeSymptomeExtension.swift */; };
		BECF995920545A81009420DE /* PatientModel.swift in Sources */ = {isa = PBXBuildFile; fileRef = BECF995820545A81009420DE /* PatientModel.swift */; };
		BECF995B20552A60009420DE /* MedicamentHeureViewController.swift in Sources */ = {isa = PBXBuildFile; fileRef = BECF995A20552A60009420DE /* MedicamentHeureViewController.swift */; };
		BECF995D20552FF0009420DE /* MedicamentAjoutHeureViewController.swift in Sources */ = {isa = PBXBuildFile; fileRef = BECF995C20552FF0009420DE /* MedicamentAjoutHeureViewController.swift */; };
		BECF995F20553523009420DE /* MedicamentDescriptionViewController.swift in Sources */ = {isa = PBXBuildFile; fileRef = BECF995E20553523009420DE /* MedicamentDescriptionViewController.swift */; };
		FE3FC8A3206673D70065D9F9 /* TypeMedicamentSeed.swift in Sources */ = {isa = PBXBuildFile; fileRef = FE3FC8A2206673D70065D9F9 /* TypeMedicamentSeed.swift */; };
		FE3FC8A7206675F20065D9F9 /* MedicamentTypeViewController.swift in Sources */ = {isa = PBXBuildFile; fileRef = FE3FC8A6206675F20065D9F9 /* MedicamentTypeViewController.swift */; };
		FE3FC8A9206676C30065D9F9 /* TypeMedicamentDAO.swift in Sources */ = {isa = PBXBuildFile; fileRef = FE3FC8A8206676C30065D9F9 /* TypeMedicamentDAO.swift */; };
		FE3FC8AB206676EA0065D9F9 /* CoreDateTypeMedicamentDAO.swift in Sources */ = {isa = PBXBuildFile; fileRef = FE3FC8AA206676EA0065D9F9 /* CoreDateTypeMedicamentDAO.swift */; };
		FE3FC8AD20667AD70065D9F9 /* DoseMedicamentSeed.swift in Sources */ = {isa = PBXBuildFile; fileRef = FE3FC8AC20667AD70065D9F9 /* DoseMedicamentSeed.swift */; };
		FE3FC8AF20667B390065D9F9 /* CoreDataDoseMedicamentDAO.swift in Sources */ = {isa = PBXBuildFile; fileRef = FE3FC8AE20667B390065D9F9 /* CoreDataDoseMedicamentDAO.swift */; };
		FE3FC8B220667BE70065D9F9 /* DoseMedicamentDAO.swift in Sources */ = {isa = PBXBuildFile; fileRef = FE3FC8B120667BE70065D9F9 /* DoseMedicamentDAO.swift */; };
		FE3FC8B520667D340065D9F9 /* MedicamentDoseViewController.swift in Sources */ = {isa = PBXBuildFile; fileRef = FE3FC8B420667D340065D9F9 /* MedicamentDoseViewController.swift */; };
		FE3FC8CB206984990065D9F9 /* ResumeMedicamentViewController.swift in Sources */ = {isa = PBXBuildFile; fileRef = FE3FC8CA206984990065D9F9 /* ResumeMedicamentViewController.swift */; };
		FE3FC8CD2069BE8E0065D9F9 /* ResumeActiviteViewController.swift in Sources */ = {isa = PBXBuildFile; fileRef = FE3FC8CC2069BE8E0065D9F9 /* ResumeActiviteViewController.swift */; };
		FE4213A920642657004EC5D7 /* AgendaViewController.swift in Sources */ = {isa = PBXBuildFile; fileRef = FE4213A820642657004EC5D7 /* AgendaViewController.swift */; };
		FE4213AC2064E2E8004EC5D7 /* CellMedocCollectionViewCell.swift in Sources */ = {isa = PBXBuildFile; fileRef = FE4213AB2064E2E8004EC5D7 /* CellMedocCollectionViewCell.swift */; };
		FE4213AD2064E2E8004EC5D7 /* CellMedocCollectionViewCell.swift in Sources */ = {isa = PBXBuildFile; fileRef = FE4213AB2064E2E8004EC5D7 /* CellMedocCollectionViewCell.swift */; };
		FE780161206656E20026E7D1 /* CellActiviteCollectionViewCell.swift in Sources */ = {isa = PBXBuildFile; fileRef = FE780160206656E20026E7D1 /* CellActiviteCollectionViewCell.swift */; };
/* End PBXBuildFile section */

/* Begin PBXContainerItemProxy section */
		BC0C9D22203830300067EBB8 /* PBXContainerItemProxy */ = {
			isa = PBXContainerItemProxy;
			containerPortal = BC0C9D02203830220067EBB8 /* Project object */;
			proxyType = 1;
			remoteGlobalIDString = BC0C9D09203830220067EBB8;
			remoteInfo = "Swift Project";
		};
		BC0C9D2D203830310067EBB8 /* PBXContainerItemProxy */ = {
			isa = PBXContainerItemProxy;
			containerPortal = BC0C9D02203830220067EBB8 /* Project object */;
			proxyType = 1;
			remoteGlobalIDString = BC0C9D09203830220067EBB8;
			remoteInfo = "Swift Project";
		};
/* End PBXContainerItemProxy section */

/* Begin PBXFileReference section */
		BC04ED97203AE235008F6AC3 /* Contact Page.swift */ = {isa = PBXFileReference; lastKnownFileType = sourcecode.swift; path = "Contact Page.swift"; sourceTree = "<group>"; };
		BC086C672048564B006D2310 /* ActiviteHeureModallyViewController.swift */ = {isa = PBXFileReference; lastKnownFileType = sourcecode.swift; path = ActiviteHeureModallyViewController.swift; sourceTree = "<group>"; };
		BC09AA0E205F17FB00FACC62 /* ActiviteDAO.swift */ = {isa = PBXFileReference; lastKnownFileType = sourcecode.swift; path = ActiviteDAO.swift; sourceTree = "<group>"; };
		BC09AA10205F183200FACC62 /* CoreDataActiviteDAO.swift */ = {isa = PBXFileReference; lastKnownFileType = sourcecode.swift; path = CoreDataActiviteDAO.swift; sourceTree = "<group>"; };
		BC09AA13205F21A400FACC62 /* HeureDAO.swift */ = {isa = PBXFileReference; lastKnownFileType = sourcecode.swift; path = HeureDAO.swift; sourceTree = "<group>"; };
		BC09AA15205F21CF00FACC62 /* CoreDataHeureDAO.swift */ = {isa = PBXFileReference; lastKnownFileType = sourcecode.swift; path = CoreDataHeureDAO.swift; sourceTree = "<group>"; };
		BC0C9D0A203830220067EBB8 /* Swift Project.app */ = {isa = PBXFileReference; explicitFileType = wrapper.application; includeInIndex = 0; path = "Swift Project.app"; sourceTree = BUILT_PRODUCTS_DIR; };
		BC0C9D0D203830220067EBB8 /* AppDelegate.swift */ = {isa = PBXFileReference; lastKnownFileType = sourcecode.swift; path = AppDelegate.swift; sourceTree = "<group>"; };
		BC0C9D0F203830230067EBB8 /* ViewController.swift */ = {isa = PBXFileReference; lastKnownFileType = sourcecode.swift; path = ViewController.swift; sourceTree = "<group>"; };
		BC0C9D12203830230067EBB8 /* Base */ = {isa = PBXFileReference; lastKnownFileType = file.storyboard; name = Base; path = Base.lproj/Main.storyboard; sourceTree = "<group>"; };
		BC0C9D15203830230067EBB8 /* Swift_Project.xcdatamodel */ = {isa = PBXFileReference; lastKnownFileType = wrapper.xcdatamodel; path = Swift_Project.xcdatamodel; sourceTree = "<group>"; };
		BC0C9D17203830240067EBB8 /* Assets.xcassets */ = {isa = PBXFileReference; lastKnownFileType = folder.assetcatalog; path = Assets.xcassets; sourceTree = "<group>"; };
		BC0C9D1C203830250067EBB8 /* Info.plist */ = {isa = PBXFileReference; lastKnownFileType = text.plist.xml; path = Info.plist; sourceTree = "<group>"; };
		BC0C9D21203830300067EBB8 /* Swift ProjectTests.xctest */ = {isa = PBXFileReference; explicitFileType = wrapper.cfbundle; includeInIndex = 0; path = "Swift ProjectTests.xctest"; sourceTree = BUILT_PRODUCTS_DIR; };
		BC0C9D25203830300067EBB8 /* Swift_ProjectTests.swift */ = {isa = PBXFileReference; lastKnownFileType = sourcecode.swift; path = Swift_ProjectTests.swift; sourceTree = "<group>"; };
		BC0C9D27203830300067EBB8 /* Info.plist */ = {isa = PBXFileReference; lastKnownFileType = text.plist.xml; path = Info.plist; sourceTree = "<group>"; };
		BC0C9D2C203830310067EBB8 /* Swift ProjectUITests.xctest */ = {isa = PBXFileReference; explicitFileType = wrapper.cfbundle; includeInIndex = 0; path = "Swift ProjectUITests.xctest"; sourceTree = BUILT_PRODUCTS_DIR; };
		BC0C9D30203830310067EBB8 /* Swift_ProjectUITests.swift */ = {isa = PBXFileReference; lastKnownFileType = sourcecode.swift; path = Swift_ProjectUITests.swift; sourceTree = "<group>"; };
		BC0C9D32203830310067EBB8 /* Info.plist */ = {isa = PBXFileReference; lastKnownFileType = text.plist.xml; path = Info.plist; sourceTree = "<group>"; };
		BC14172E2056BDC2008A4B8B /* ActiviteListeViewController.swift */ = {isa = PBXFileReference; lastKnownFileType = sourcecode.swift; path = ActiviteListeViewController.swift; sourceTree = "<group>"; };
		BC322EA1205F9A58005A20DE /* TypeSymptomeSeed.swift */ = {isa = PBXFileReference; lastKnownFileType = sourcecode.swift; path = TypeSymptomeSeed.swift; sourceTree = "<group>"; };
		BC322EA3205F9C4E005A20DE /* TypeSymptomeDAO.swift */ = {isa = PBXFileReference; lastKnownFileType = sourcecode.swift; path = TypeSymptomeDAO.swift; sourceTree = "<group>"; };
		BC322EA5205F9C7D005A20DE /* CoreDataTypeSymptomeDAO.swift */ = {isa = PBXFileReference; lastKnownFileType = sourcecode.swift; path = CoreDataTypeSymptomeDAO.swift; sourceTree = "<group>"; };
		BC322EA8205FA450005A20DE /* SymptomeDAO.swift */ = {isa = PBXFileReference; lastKnownFileType = sourcecode.swift; path = SymptomeDAO.swift; sourceTree = "<group>"; };
		BC322EAA205FA487005A20DE /* CoreDataSymptomeDAO.swift */ = {isa = PBXFileReference; lastKnownFileType = sourcecode.swift; path = CoreDataSymptomeDAO.swift; sourceTree = "<group>"; };
		BC322EAC205FB420005A20DE /* TypeSurveillanceSeed.swift */ = {isa = PBXFileReference; lastKnownFileType = sourcecode.swift; path = TypeSurveillanceSeed.swift; sourceTree = "<group>"; };
		BC322EAE205FB528005A20DE /* TypeSurveillanceDAO.swift */ = {isa = PBXFileReference; lastKnownFileType = sourcecode.swift; path = TypeSurveillanceDAO.swift; sourceTree = "<group>"; };
		BC322EB0205FB5EE005A20DE /* CoreDataTypeSurveillanceDAO.swift */ = {isa = PBXFileReference; lastKnownFileType = sourcecode.swift; path = CoreDataTypeSurveillanceDAO.swift; sourceTree = "<group>"; };
		BC322EB2205FDAC4005A20DE /* SurveillanceDAO.swift */ = {isa = PBXFileReference; lastKnownFileType = sourcecode.swift; path = SurveillanceDAO.swift; sourceTree = "<group>"; };
		BC322EB4205FDAF8005A20DE /* CoreDataSurveillanceDAO.swift */ = {isa = PBXFileReference; lastKnownFileType = sourcecode.swift; path = CoreDataSurveillanceDAO.swift; sourceTree = "<group>"; };
		BC322EB8205FEDE8005A20DE /* CoreDataManager.swift */ = {isa = PBXFileReference; lastKnownFileType = sourcecode.swift; path = CoreDataManager.swift; sourceTree = "<group>"; };
		BC322EBA2061152C005A20DE /* SymptomeModel.swift */ = {isa = PBXFileReference; lastKnownFileType = sourcecode.swift; path = SymptomeModel.swift; sourceTree = "<group>"; };
		BC322EBC20611638005A20DE /* SymptomeExtension.swift */ = {isa = PBXFileReference; lastKnownFileType = sourcecode.swift; path = SymptomeExtension.swift; sourceTree = "<group>"; };
		BC567C81204B103E00764B79 /* SymptomeTypeViewController.swift */ = {isa = PBXFileReference; lastKnownFileType = sourcecode.swift; path = SymptomeTypeViewController.swift; sourceTree = "<group>"; };
		BC567C87204BFBED00764B79 /* SymptomeAjoutViewController.swift */ = {isa = PBXFileReference; lastKnownFileType = sourcecode.swift; path = SymptomeAjoutViewController.swift; sourceTree = "<group>"; };
		BC646C5820501CAC004F3A2B /* ActiviteDateDebutViewController.swift */ = {isa = PBXFileReference; lastKnownFileType = sourcecode.swift; path = ActiviteDateDebutViewController.swift; sourceTree = "<group>"; };
		BC646C5A20501F7E004F3A2B /* ActiviteDateFinViewController.swift */ = {isa = PBXFileReference; lastKnownFileType = sourcecode.swift; path = ActiviteDateFinViewController.swift; sourceTree = "<group>"; };
		BC6AD69920556595001F1E04 /* SurveillanceTypeViewController.swift */ = {isa = PBXFileReference; lastKnownFileType = sourcecode.swift; path = SurveillanceTypeViewController.swift; sourceTree = "<group>"; };
		BC6AD69B205565AC001F1E04 /* SurveillanceHeureViewController.swift */ = {isa = PBXFileReference; lastKnownFileType = sourcecode.swift; path = SurveillanceHeureViewController.swift; sourceTree = "<group>"; };
		BC6AD69D205565B7001F1E04 /* SurveillanceDateViewController.swift */ = {isa = PBXFileReference; lastKnownFileType = sourcecode.swift; path = SurveillanceDateViewController.swift; sourceTree = "<group>"; };
		BC6AD6A0205565CD001F1E04 /* SurveillanceAjoutViewController.swift */ = {isa = PBXFileReference; lastKnownFileType = sourcecode.swift; path = SurveillanceAjoutViewController.swift; sourceTree = "<group>"; };
		BC6AD6A220557351001F1E04 /* MedecinModel.swift */ = {isa = PBXFileReference; lastKnownFileType = sourcecode.swift; path = MedecinModel.swift; sourceTree = "<group>"; };
		BC6AD6A4205573BF001F1E04 /* SpecialiteModel.swift */ = {isa = PBXFileReference; lastKnownFileType = sourcecode.swift; path = SpecialiteModel.swift; sourceTree = "<group>"; };
		BC6AD6A620557435001F1E04 /* CentreHospitalierModel.swift */ = {isa = PBXFileReference; lastKnownFileType = sourcecode.swift; path = CentreHospitalierModel.swift; sourceTree = "<group>"; };
		BC6AD6A8205574BD001F1E04 /* MedicamentModel.swift */ = {isa = PBXFileReference; lastKnownFileType = sourcecode.swift; path = MedicamentModel.swift; sourceTree = "<group>"; };
		BC6AD6AA205574EE001F1E04 /* SurveillanceModel.swift */ = {isa = PBXFileReference; lastKnownFileType = sourcecode.swift; path = SurveillanceModel.swift; sourceTree = "<group>"; };
		BC6AD6AC20557511001F1E04 /* TypeSymptomeModel.swift */ = {isa = PBXFileReference; lastKnownFileType = sourcecode.swift; path = TypeSymptomeModel.swift; sourceTree = "<group>"; };
		BC6AD6AE2055752C001F1E04 /* ActiviteModel.swift */ = {isa = PBXFileReference; lastKnownFileType = sourcecode.swift; path = ActiviteModel.swift; sourceTree = "<group>"; };
		BC6AD6B020557570001F1E04 /* TypeActiviteModel.swift */ = {isa = PBXFileReference; lastKnownFileType = sourcecode.swift; path = TypeActiviteModel.swift; sourceTree = "<group>"; };
		BC6AD6B620557815001F1E04 /* ListeSymptomesModel.swift */ = {isa = PBXFileReference; lastKnownFileType = sourcecode.swift; path = ListeSymptomesModel.swift; sourceTree = "<group>"; };
		BC6FE5A52044434500D862B6 /* MedecinController.swift */ = {isa = PBXFileReference; lastKnownFileType = sourcecode.swift; path = MedecinController.swift; sourceTree = "<group>"; };
		BC6FE5A7204465F900D862B6 /* ActiviteTypeViewController.swift */ = {isa = PBXFileReference; lastKnownFileType = sourcecode.swift; path = ActiviteTypeViewController.swift; sourceTree = "<group>"; };
		BC6FE5A9204487F100D862B6 /* ActiviteJoursViewController.swift */ = {isa = PBXFileReference; lastKnownFileType = sourcecode.swift; path = ActiviteJoursViewController.swift; sourceTree = "<group>"; };
		BC7FA79420638732000824BE /* MedicamentDAO.swift */ = {isa = PBXFileReference; lastKnownFileType = sourcecode.swift; path = MedicamentDAO.swift; sourceTree = "<group>"; };
		BC7FA79620638794000824BE /* CoreDataMedicamentDAO.swift */ = {isa = PBXFileReference; lastKnownFileType = sourcecode.swift; path = CoreDataMedicamentDAO.swift; sourceTree = "<group>"; };
		BC7FA7982063A237000824BE /* RDVAjoutTempsViewController.swift */ = {isa = PBXFileReference; lastKnownFileType = sourcecode.swift; path = RDVAjoutTempsViewController.swift; sourceTree = "<group>"; };
		BC7FA79A2063A962000824BE /* RDVAjoutHeureViewController.swift */ = {isa = PBXFileReference; lastKnownFileType = sourcecode.swift; path = RDVAjoutHeureViewController.swift; sourceTree = "<group>"; };
		BC7FA79C2063A976000824BE /* RDVAjoutDateViewController.swift */ = {isa = PBXFileReference; lastKnownFileType = sourcecode.swift; path = RDVAjoutDateViewController.swift; sourceTree = "<group>"; };
		BC99F0122046B83E00D2FBA0 /* ActiviteHeuresViewController.swift */ = {isa = PBXFileReference; lastKnownFileType = sourcecode.swift; path = ActiviteHeuresViewController.swift; sourceTree = "<group>"; };
		BCD7C4F2205032190010A584 /* ActiviteAjoutViewController.swift */ = {isa = PBXFileReference; lastKnownFileType = sourcecode.swift; path = ActiviteAjoutViewController.swift; sourceTree = "<group>"; };
		BCDB983C2056F88C0081FCA9 /* SymptomeHeureViewController.swift */ = {isa = PBXFileReference; fileEncoding = 4; lastKnownFileType = sourcecode.swift; path = SymptomeHeureViewController.swift; sourceTree = "<group>"; };
		BCDB983E2056FA570081FCA9 /* SymptomeDateViewController.swift */ = {isa = PBXFileReference; lastKnownFileType = sourcecode.swift; path = SymptomeDateViewController.swift; sourceTree = "<group>"; };
		BCE6D8F7205E9C77003068B8 /* JourSeed.swift */ = {isa = PBXFileReference; lastKnownFileType = sourcecode.swift; path = JourSeed.swift; sourceTree = "<group>"; };
		BCE6D8F9205EA013003068B8 /* CoreDataJourDAO.swift */ = {isa = PBXFileReference; lastKnownFileType = sourcecode.swift; path = CoreDataJourDAO.swift; sourceTree = "<group>"; };
		BCE6D8FD205EA06F003068B8 /* JourDAO.swift */ = {isa = PBXFileReference; lastKnownFileType = sourcecode.swift; path = JourDAO.swift; sourceTree = "<group>"; };
		BCE6D902205EA821003068B8 /* DataHelper.swift */ = {isa = PBXFileReference; lastKnownFileType = sourcecode.swift; path = DataHelper.swift; sourceTree = "<group>"; };
		BCE6D904205EA8AF003068B8 /* CoreDataDAOFactory.swift */ = {isa = PBXFileReference; lastKnownFileType = sourcecode.swift; path = CoreDataDAOFactory.swift; sourceTree = "<group>"; };
		BCE6D906205EA8EF003068B8 /* ProtocolDAOFactory.swift */ = {isa = PBXFileReference; lastKnownFileType = sourcecode.swift; path = ProtocolDAOFactory.swift; sourceTree = "<group>"; };
		BCEEC3A32069412F00DEA125 /* CellRdvCollectionViewCell.swift */ = {isa = PBXFileReference; lastKnownFileType = sourcecode.swift; path = CellRdvCollectionViewCell.swift; sourceTree = "<group>"; };
		BCFA134F2065AA130013FF40 /* MedicamentListeViewController.swift */ = {isa = PBXFileReference; lastKnownFileType = sourcecode.swift; path = MedicamentListeViewController.swift; sourceTree = "<group>"; };
		BCFA135120664B290013FF40 /* RendezVousDAO.swift */ = {isa = PBXFileReference; lastKnownFileType = sourcecode.swift; path = RendezVousDAO.swift; sourceTree = "<group>"; };
		BCFA135320664BB10013FF40 /* CoreDataRendezVousDAO.swift */ = {isa = PBXFileReference; lastKnownFileType = sourcecode.swift; path = CoreDataRendezVousDAO.swift; sourceTree = "<group>"; };
		BCFA135820664FB80013FF40 /* RDVListeViewController.swift */ = {isa = PBXFileReference; lastKnownFileType = sourcecode.swift; path = RDVListeViewController.swift; sourceTree = "<group>"; };
		BCFA135A20665B530013FF40 /* RDVAjoutViewController.swift */ = {isa = PBXFileReference; lastKnownFileType = sourcecode.swift; path = RDVAjoutViewController.swift; sourceTree = "<group>"; };
		BCFA135C206661290013FF40 /* MedecinDAO.swift */ = {isa = PBXFileReference; lastKnownFileType = sourcecode.swift; path = MedecinDAO.swift; sourceTree = "<group>"; };
		BCFA135E206661B20013FF40 /* CoreDataMedecinDAO.swift */ = {isa = PBXFileReference; lastKnownFileType = sourcecode.swift; path = CoreDataMedecinDAO.swift; sourceTree = "<group>"; };
		BCFA136220666AC90013FF40 /* AjouterMedecinViewController.swift */ = {isa = PBXFileReference; lastKnownFileType = sourcecode.swift; path = AjouterMedecinViewController.swift; sourceTree = "<group>"; };
		BE211F00205E7D36009AA058 /* SuiviPatientViewController.swift */ = {isa = PBXFileReference; lastKnownFileType = sourcecode.swift; path = SuiviPatientViewController.swift; sourceTree = "<group>"; };
		BE3107B92057187D0087EA02 /* RDVAjoutInfosViewController.swift */ = {isa = PBXFileReference; lastKnownFileType = sourcecode.swift; path = RDVAjoutInfosViewController.swift; sourceTree = "<group>"; };
		BE4F329F20557AAA00C6121A /* MedicamentDateDebutViewController.swift */ = {isa = PBXFileReference; lastKnownFileType = sourcecode.swift; path = MedicamentDateDebutViewController.swift; sourceTree = "<group>"; };
		BE4F32A120557AB900C6121A /* MedicamentDateFinViewController.swift */ = {isa = PBXFileReference; lastKnownFileType = sourcecode.swift; path = MedicamentDateFinViewController.swift; sourceTree = "<group>"; };
		BE4F32A320557BB600C6121A /* MedicamentAjoutViewController.swift */ = {isa = PBXFileReference; lastKnownFileType = sourcecode.swift; path = MedicamentAjoutViewController.swift; sourceTree = "<group>"; };
		BE9F4C7320591323002DBB3D /* PatientExtension.swift */ = {isa = PBXFileReference; lastKnownFileType = sourcecode.swift; path = PatientExtension.swift; sourceTree = "<group>"; };
		BE9F4C7A2059212E002DBB3D /* MedecinExtension.swift */ = {isa = PBXFileReference; lastKnownFileType = sourcecode.swift; path = MedecinExtension.swift; sourceTree = "<group>"; };
		BE9F4C7C20592348002DBB3D /* CentreHospitalierExtension.swift */ = {isa = PBXFileReference; lastKnownFileType = sourcecode.swift; path = CentreHospitalierExtension.swift; sourceTree = "<group>"; };
		BE9F4C80205926CC002DBB3D /* RendezVousExtension.swift */ = {isa = PBXFileReference; lastKnownFileType = sourcecode.swift; path = RendezVousExtension.swift; sourceTree = "<group>"; };
		BE9F4C8220592724002DBB3D /* RendezVousModel.swift */ = {isa = PBXFileReference; lastKnownFileType = sourcecode.swift; path = RendezVousModel.swift; sourceTree = "<group>"; };
		BE9F4C842059385A002DBB3D /* SprecialiteExtension.swift */ = {isa = PBXFileReference; lastKnownFileType = sourcecode.swift; path = SprecialiteExtension.swift; sourceTree = "<group>"; };
		BE9F4C8620593970002DBB3D /* TypeActiviteExtension.swift */ = {isa = PBXFileReference; lastKnownFileType = sourcecode.swift; path = TypeActiviteExtension.swift; sourceTree = "<group>"; };
		BE9F4C88205940E1002DBB3D /* TypeEvenementExtension.swift */ = {isa = PBXFileReference; lastKnownFileType = sourcecode.swift; path = TypeEvenementExtension.swift; sourceTree = "<group>"; };
		BE9F4C8A20594404002DBB3D /* TypeSymptomeExtension.swift */ = {isa = PBXFileReference; lastKnownFileType = sourcecode.swift; path = TypeSymptomeExtension.swift; sourceTree = "<group>"; };
		BECF995820545A81009420DE /* PatientModel.swift */ = {isa = PBXFileReference; lastKnownFileType = sourcecode.swift; path = PatientModel.swift; sourceTree = "<group>"; };
		BECF995A20552A60009420DE /* MedicamentHeureViewController.swift */ = {isa = PBXFileReference; lastKnownFileType = sourcecode.swift; path = MedicamentHeureViewController.swift; sourceTree = "<group>"; };
		BECF995C20552FF0009420DE /* MedicamentAjoutHeureViewController.swift */ = {isa = PBXFileReference; lastKnownFileType = sourcecode.swift; path = MedicamentAjoutHeureViewController.swift; sourceTree = "<group>"; };
		BECF995E20553523009420DE /* MedicamentDescriptionViewController.swift */ = {isa = PBXFileReference; lastKnownFileType = sourcecode.swift; path = MedicamentDescriptionViewController.swift; sourceTree = "<group>"; };
		FE3FC8A2206673D70065D9F9 /* TypeMedicamentSeed.swift */ = {isa = PBXFileReference; lastKnownFileType = sourcecode.swift; path = TypeMedicamentSeed.swift; sourceTree = "<group>"; };
		FE3FC8A6206675F20065D9F9 /* MedicamentTypeViewController.swift */ = {isa = PBXFileReference; lastKnownFileType = sourcecode.swift; path = MedicamentTypeViewController.swift; sourceTree = "<group>"; };
		FE3FC8A8206676C30065D9F9 /* TypeMedicamentDAO.swift */ = {isa = PBXFileReference; lastKnownFileType = sourcecode.swift; path = TypeMedicamentDAO.swift; sourceTree = "<group>"; };
		FE3FC8AA206676EA0065D9F9 /* CoreDateTypeMedicamentDAO.swift */ = {isa = PBXFileReference; lastKnownFileType = sourcecode.swift; path = CoreDateTypeMedicamentDAO.swift; sourceTree = "<group>"; };
		FE3FC8AC20667AD70065D9F9 /* DoseMedicamentSeed.swift */ = {isa = PBXFileReference; lastKnownFileType = sourcecode.swift; path = DoseMedicamentSeed.swift; sourceTree = "<group>"; };
		FE3FC8AE20667B390065D9F9 /* CoreDataDoseMedicamentDAO.swift */ = {isa = PBXFileReference; lastKnownFileType = sourcecode.swift; path = CoreDataDoseMedicamentDAO.swift; sourceTree = "<group>"; };
		FE3FC8B120667BE70065D9F9 /* DoseMedicamentDAO.swift */ = {isa = PBXFileReference; lastKnownFileType = sourcecode.swift; path = DoseMedicamentDAO.swift; sourceTree = "<group>"; };
		FE3FC8B420667D340065D9F9 /* MedicamentDoseViewController.swift */ = {isa = PBXFileReference; lastKnownFileType = sourcecode.swift; path = MedicamentDoseViewController.swift; sourceTree = "<group>"; };
		FE3FC8CA206984990065D9F9 /* ResumeMedicamentViewController.swift */ = {isa = PBXFileReference; lastKnownFileType = sourcecode.swift; path = ResumeMedicamentViewController.swift; sourceTree = "<group>"; };
		FE3FC8CC2069BE8E0065D9F9 /* ResumeActiviteViewController.swift */ = {isa = PBXFileReference; lastKnownFileType = sourcecode.swift; path = ResumeActiviteViewController.swift; sourceTree = "<group>"; };
		FE4213A820642657004EC5D7 /* AgendaViewController.swift */ = {isa = PBXFileReference; lastKnownFileType = sourcecode.swift; path = AgendaViewController.swift; sourceTree = "<group>"; };
		FE4213AB2064E2E8004EC5D7 /* CellMedocCollectionViewCell.swift */ = {isa = PBXFileReference; lastKnownFileType = sourcecode.swift; path = CellMedocCollectionViewCell.swift; sourceTree = "<group>"; };
		FE780160206656E20026E7D1 /* CellActiviteCollectionViewCell.swift */ = {isa = PBXFileReference; lastKnownFileType = sourcecode.swift; path = CellActiviteCollectionViewCell.swift; sourceTree = "<group>"; };
/* End PBXFileReference section */

/* Begin PBXFrameworksBuildPhase section */
		BC0C9D07203830220067EBB8 /* Frameworks */ = {
			isa = PBXFrameworksBuildPhase;
			buildActionMask = 2147483647;
			files = (
			);
			runOnlyForDeploymentPostprocessing = 0;
		};
		BC0C9D1E203830300067EBB8 /* Frameworks */ = {
			isa = PBXFrameworksBuildPhase;
			buildActionMask = 2147483647;
			files = (
			);
			runOnlyForDeploymentPostprocessing = 0;
		};
		BC0C9D29203830300067EBB8 /* Frameworks */ = {
			isa = PBXFrameworksBuildPhase;
			buildActionMask = 2147483647;
			files = (
			);
			runOnlyForDeploymentPostprocessing = 0;
		};
/* End PBXFrameworksBuildPhase section */

/* Begin PBXGroup section */
		BC09AA12205F192500FACC62 /* Medicament */ = {
			isa = PBXGroup;
			children = (
				BCFA134F2065AA130013FF40 /* MedicamentListeViewController.swift */,
				FE3FC8A6206675F20065D9F9 /* MedicamentTypeViewController.swift */,
				FE3FC8B420667D340065D9F9 /* MedicamentDoseViewController.swift */,
				BECF995E20553523009420DE /* MedicamentDescriptionViewController.swift */,
				BECF995A20552A60009420DE /* MedicamentHeureViewController.swift */,
				BECF995C20552FF0009420DE /* MedicamentAjoutHeureViewController.swift */,
				BE4F329F20557AAA00C6121A /* MedicamentDateDebutViewController.swift */,
				BE4F32A120557AB900C6121A /* MedicamentDateFinViewController.swift */,
				BE4F32A320557BB600C6121A /* MedicamentAjoutViewController.swift */,
				FE3FC8CA206984990065D9F9 /* ResumeMedicamentViewController.swift */,
			);
			path = Medicament;
			sourceTree = "<group>";
		};
		BC0C9D01203830210067EBB8 = {
			isa = PBXGroup;
			children = (
				BC0C9D0C203830220067EBB8 /* Swift Project */,
				BC0C9D24203830300067EBB8 /* Swift ProjectTests */,
				BC0C9D2F203830310067EBB8 /* Swift ProjectUITests */,
				BC0C9D0B203830220067EBB8 /* Products */,
			);
			sourceTree = "<group>";
		};
		BC0C9D0B203830220067EBB8 /* Products */ = {
			isa = PBXGroup;
			children = (
				BC0C9D0A203830220067EBB8 /* Swift Project.app */,
				BC0C9D21203830300067EBB8 /* Swift ProjectTests.xctest */,
				BC0C9D2C203830310067EBB8 /* Swift ProjectUITests.xctest */,
			);
			name = Products;
			sourceTree = "<group>";
		};
		BC0C9D0C203830220067EBB8 /* Swift Project */ = {
			isa = PBXGroup;
			children = (
				BE9F4C72205912B8002DBB3D /* CoreData */,
				BECF9955205457D0009420DE /* Model */,
				BCAFD280204C4D9C0037ADBD /* Controller */,
				BCE6D8FB205EA01E003068B8 /* DAO */,
				BCE6D8F6205E9C31003068B8 /* Seeds */,
				BC0C9D0F203830230067EBB8 /* ViewController.swift */,
				BC6FE5A52044434500D862B6 /* MedecinController.swift */,
				BCE6D902205EA821003068B8 /* DataHelper.swift */,
				BC0C9D0D203830220067EBB8 /* AppDelegate.swift */,
				BCE6D904205EA8AF003068B8 /* CoreDataDAOFactory.swift */,
				BCE6D906205EA8EF003068B8 /* ProtocolDAOFactory.swift */,
				BC0C9D11203830230067EBB8 /* Main.storyboard */,
				BC0C9D17203830240067EBB8 /* Assets.xcassets */,
				BC0C9D1C203830250067EBB8 /* Info.plist */,
				BC0C9D14203830230067EBB8 /* Swift_Project.xcdatamodeld */,
			);
			path = "Swift Project";
			sourceTree = "<group>";
		};
		BC0C9D24203830300067EBB8 /* Swift ProjectTests */ = {
			isa = PBXGroup;
			children = (
				BC0C9D25203830300067EBB8 /* Swift_ProjectTests.swift */,
				BC0C9D27203830300067EBB8 /* Info.plist */,
			);
			path = "Swift ProjectTests";
			sourceTree = "<group>";
		};
		BC0C9D2F203830310067EBB8 /* Swift ProjectUITests */ = {
			isa = PBXGroup;
			children = (
				BC0C9D30203830310067EBB8 /* Swift_ProjectUITests.swift */,
				BC0C9D32203830310067EBB8 /* Info.plist */,
			);
			path = "Swift ProjectUITests";
			sourceTree = "<group>";
		};
		BC6AD696205564F2001F1E04 /* Activité */ = {
			isa = PBXGroup;
			children = (
				BC14172E2056BDC2008A4B8B /* ActiviteListeViewController.swift */,
				BC6FE5A7204465F900D862B6 /* ActiviteTypeViewController.swift */,
				BC6FE5A9204487F100D862B6 /* ActiviteJoursViewController.swift */,
				BC99F0122046B83E00D2FBA0 /* ActiviteHeuresViewController.swift */,
				BC086C672048564B006D2310 /* ActiviteHeureModallyViewController.swift */,
				BC646C5820501CAC004F3A2B /* ActiviteDateDebutViewController.swift */,
				BC646C5A20501F7E004F3A2B /* ActiviteDateFinViewController.swift */,
				BCD7C4F2205032190010A584 /* ActiviteAjoutViewController.swift */,
				FE3FC8CC2069BE8E0065D9F9 /* ResumeActiviteViewController.swift */,
			);
			name = "Activité";
			path = "Activité";
			sourceTree = "<group>";
		};
		BC6AD69720556503001F1E04 /* Symptome */ = {
			isa = PBXGroup;
			children = (
				BC567C81204B103E00764B79 /* SymptomeTypeViewController.swift */,
				BCDB983C2056F88C0081FCA9 /* SymptomeHeureViewController.swift */,
				BCDB983E2056FA570081FCA9 /* SymptomeDateViewController.swift */,
				BC567C87204BFBED00764B79 /* SymptomeAjoutViewController.swift */,
			);
			path = Symptome;
			sourceTree = "<group>";
		};
		BC6AD69820556568001F1E04 /* Surveillance */ = {
			isa = PBXGroup;
			children = (
				BC6AD69920556595001F1E04 /* SurveillanceTypeViewController.swift */,
				BC6AD69B205565AC001F1E04 /* SurveillanceHeureViewController.swift */,
				BC6AD69D205565B7001F1E04 /* SurveillanceDateViewController.swift */,
				BC6AD6A0205565CD001F1E04 /* SurveillanceAjoutViewController.swift */,
			);
			path = Surveillance;
			sourceTree = "<group>";
		};
		BCAFD280204C4D9C0037ADBD /* Controller */ = {
			isa = PBXGroup;
			children = (
				BC6AD696205564F2001F1E04 /* Activité */,
				FE4213A12063A211004EC5D7 /* Agenda */,
				BCFA136120666AA80013FF40 /* Contact */,
				BCE6D908205EAEA8003068B8 /* Suivi */,
				BE3107B6205702B90087EA02 /* Rendez-vous */,
				BC09AA12205F192500FACC62 /* Medicament */,
				BC6AD69720556503001F1E04 /* Symptome */,
				BC6AD69820556568001F1E04 /* Surveillance */,
			);
			path = Controller;
			sourceTree = "<group>";
		};
		BCE6D8F6205E9C31003068B8 /* Seeds */ = {
			isa = PBXGroup;
			children = (
				BCE6D8F7205E9C77003068B8 /* JourSeed.swift */,
				FE3FC8A2206673D70065D9F9 /* TypeMedicamentSeed.swift */,
				FE3FC8AC20667AD70065D9F9 /* DoseMedicamentSeed.swift */,
				BC322EA1205F9A58005A20DE /* TypeSymptomeSeed.swift */,
				BC322EAC205FB420005A20DE /* TypeSurveillanceSeed.swift */,
			);
			path = Seeds;
			sourceTree = "<group>";
		};
		BCE6D8FB205EA01E003068B8 /* DAO */ = {
			isa = PBXGroup;
			children = (
				BCE6D8FD205EA06F003068B8 /* JourDAO.swift */,
				BC09AA13205F21A400FACC62 /* HeureDAO.swift */,
				FE3FC8A8206676C30065D9F9 /* TypeMedicamentDAO.swift */,
				BC09AA0E205F17FB00FACC62 /* ActiviteDAO.swift */,
				BC322EA3205F9C4E005A20DE /* TypeSymptomeDAO.swift */,
				BC322EA8205FA450005A20DE /* SymptomeDAO.swift */,
				BC322EAE205FB528005A20DE /* TypeSurveillanceDAO.swift */,
				FE3FC8B120667BE70065D9F9 /* DoseMedicamentDAO.swift */,
				BC322EB2205FDAC4005A20DE /* SurveillanceDAO.swift */,
				BC7FA79420638732000824BE /* MedicamentDAO.swift */,
				BCFA135C206661290013FF40 /* MedecinDAO.swift */,
				BCFA135120664B290013FF40 /* RendezVousDAO.swift */,
				BCE6D8FC205EA028003068B8 /* CoreDataDAO */,
			);
			path = DAO;
			sourceTree = "<group>";
		};
		BCE6D8FC205EA028003068B8 /* CoreDataDAO */ = {
			isa = PBXGroup;
			children = (
				BCE6D8F9205EA013003068B8 /* CoreDataJourDAO.swift */,
				BC322EB0205FB5EE005A20DE /* CoreDataTypeSurveillanceDAO.swift */,
				FE3FC8AA206676EA0065D9F9 /* CoreDateTypeMedicamentDAO.swift */,
				BC7FA79620638794000824BE /* CoreDataMedicamentDAO.swift */,
				BC322EB4205FDAF8005A20DE /* CoreDataSurveillanceDAO.swift */,
				BC322EAA205FA487005A20DE /* CoreDataSymptomeDAO.swift */,
				FE3FC8AE20667B390065D9F9 /* CoreDataDoseMedicamentDAO.swift */,
				BC322EA5205F9C7D005A20DE /* CoreDataTypeSymptomeDAO.swift */,
				BC09AA10205F183200FACC62 /* CoreDataActiviteDAO.swift */,
				BC09AA15205F21CF00FACC62 /* CoreDataHeureDAO.swift */,
				BC322EB8205FEDE8005A20DE /* CoreDataManager.swift */,
				BCFA135320664BB10013FF40 /* CoreDataRendezVousDAO.swift */,
				BCFA135E206661B20013FF40 /* CoreDataMedecinDAO.swift */,
			);
			path = CoreDataDAO;
			sourceTree = "<group>";
		};
		BCE6D908205EAEA8003068B8 /* Suivi */ = {
			isa = PBXGroup;
			children = (
				BE211F00205E7D36009AA058 /* SuiviPatientViewController.swift */,
			);
			path = Suivi;
			sourceTree = "<group>";
		};
		BCFA136120666AA80013FF40 /* Contact */ = {
			isa = PBXGroup;
			children = (
				BC04ED97203AE235008F6AC3 /* Contact Page.swift */,
				BCFA136220666AC90013FF40 /* AjouterMedecinViewController.swift */,
			);
			path = Contact;
			sourceTree = "<group>";
		};
		BE3107B6205702B90087EA02 /* Rendez-vous */ = {
			isa = PBXGroup;
			children = (
				BE3107B92057187D0087EA02 /* RDVAjoutInfosViewController.swift */,
				BC7FA7982063A237000824BE /* RDVAjoutTempsViewController.swift */,
				BC7FA79A2063A962000824BE /* RDVAjoutHeureViewController.swift */,
				BC7FA79C2063A976000824BE /* RDVAjoutDateViewController.swift */,
				BCFA135820664FB80013FF40 /* RDVListeViewController.swift */,
				BCFA135A20665B530013FF40 /* RDVAjoutViewController.swift */,
			);
			path = "Rendez-vous";
			sourceTree = "<group>";
		};
		BE9F4C72205912B8002DBB3D /* CoreData */ = {
			isa = PBXGroup;
			children = (
				BE9F4C7320591323002DBB3D /* PatientExtension.swift */,
				BE9F4C7A2059212E002DBB3D /* MedecinExtension.swift */,
				BE9F4C7C20592348002DBB3D /* CentreHospitalierExtension.swift */,
				BE9F4C80205926CC002DBB3D /* RendezVousExtension.swift */,
				BE9F4C842059385A002DBB3D /* SprecialiteExtension.swift */,
				BE9F4C8620593970002DBB3D /* TypeActiviteExtension.swift */,
				BE9F4C88205940E1002DBB3D /* TypeEvenementExtension.swift */,
				BE9F4C8A20594404002DBB3D /* TypeSymptomeExtension.swift */,
				BC322EBC20611638005A20DE /* SymptomeExtension.swift */,
			);
			path = CoreData;
			sourceTree = "<group>";
		};
		BECF9955205457D0009420DE /* Model */ = {
			isa = PBXGroup;
			children = (
				BECF995820545A81009420DE /* PatientModel.swift */,
				BC6AD6A220557351001F1E04 /* MedecinModel.swift */,
				BC6AD6A4205573BF001F1E04 /* SpecialiteModel.swift */,
				BC6AD6A620557435001F1E04 /* CentreHospitalierModel.swift */,
				BC6AD6A8205574BD001F1E04 /* MedicamentModel.swift */,
				BC6AD6AA205574EE001F1E04 /* SurveillanceModel.swift */,
				BC6AD6AC20557511001F1E04 /* TypeSymptomeModel.swift */,
				BC6AD6AE2055752C001F1E04 /* ActiviteModel.swift */,
				BC6AD6B020557570001F1E04 /* TypeActiviteModel.swift */,
				BC6AD6B620557815001F1E04 /* ListeSymptomesModel.swift */,
				BE9F4C8220592724002DBB3D /* RendezVousModel.swift */,
				BC322EBA2061152C005A20DE /* SymptomeModel.swift */,
			);
			path = Model;
			sourceTree = "<group>";
		};
		FE4213A12063A211004EC5D7 /* Agenda */ = {
			isa = PBXGroup;
			children = (
				FE4213A820642657004EC5D7 /* AgendaViewController.swift */,
				FE4213AB2064E2E8004EC5D7 /* CellMedocCollectionViewCell.swift */,
				FE780160206656E20026E7D1 /* CellActiviteCollectionViewCell.swift */,
				BCEEC3A32069412F00DEA125 /* CellRdvCollectionViewCell.swift */,
			);
			path = Agenda;
			sourceTree = "<group>";
		};
/* End PBXGroup section */

/* Begin PBXNativeTarget section */
		BC0C9D09203830220067EBB8 /* Swift Project */ = {
			isa = PBXNativeTarget;
			buildConfigurationList = BC0C9D35203830310067EBB8 /* Build configuration list for PBXNativeTarget "Swift Project" */;
			buildPhases = (
				BC0C9D06203830220067EBB8 /* Sources */,
				BC0C9D07203830220067EBB8 /* Frameworks */,
				BC0C9D08203830220067EBB8 /* Resources */,
			);
			buildRules = (
			);
			dependencies = (
			);
			name = "Swift Project";
			productName = "Swift Project";
			productReference = BC0C9D0A203830220067EBB8 /* Swift Project.app */;
			productType = "com.apple.product-type.application";
		};
		BC0C9D20203830300067EBB8 /* Swift ProjectTests */ = {
			isa = PBXNativeTarget;
			buildConfigurationList = BC0C9D38203830310067EBB8 /* Build configuration list for PBXNativeTarget "Swift ProjectTests" */;
			buildPhases = (
				BC0C9D1D203830300067EBB8 /* Sources */,
				BC0C9D1E203830300067EBB8 /* Frameworks */,
				BC0C9D1F203830300067EBB8 /* Resources */,
			);
			buildRules = (
			);
			dependencies = (
				BC0C9D23203830300067EBB8 /* PBXTargetDependency */,
			);
			name = "Swift ProjectTests";
			productName = "Swift ProjectTests";
			productReference = BC0C9D21203830300067EBB8 /* Swift ProjectTests.xctest */;
			productType = "com.apple.product-type.bundle.unit-test";
		};
		BC0C9D2B203830300067EBB8 /* Swift ProjectUITests */ = {
			isa = PBXNativeTarget;
			buildConfigurationList = BC0C9D3B203830310067EBB8 /* Build configuration list for PBXNativeTarget "Swift ProjectUITests" */;
			buildPhases = (
				BC0C9D28203830300067EBB8 /* Sources */,
				BC0C9D29203830300067EBB8 /* Frameworks */,
				BC0C9D2A203830300067EBB8 /* Resources */,
			);
			buildRules = (
			);
			dependencies = (
				BC0C9D2E203830310067EBB8 /* PBXTargetDependency */,
			);
			name = "Swift ProjectUITests";
			productName = "Swift ProjectUITests";
			productReference = BC0C9D2C203830310067EBB8 /* Swift ProjectUITests.xctest */;
			productType = "com.apple.product-type.bundle.ui-testing";
		};
/* End PBXNativeTarget section */

/* Begin PBXProject section */
		BC0C9D02203830220067EBB8 /* Project object */ = {
			isa = PBXProject;
			attributes = {
				LastSwiftUpdateCheck = 0920;
				LastUpgradeCheck = 0920;
				ORGANIZATIONNAME = Melvil;
				TargetAttributes = {
					BC0C9D09203830220067EBB8 = {
						CreatedOnToolsVersion = 9.2;
						ProvisioningStyle = Automatic;
					};
					BC0C9D20203830300067EBB8 = {
						CreatedOnToolsVersion = 9.2;
						ProvisioningStyle = Automatic;
						TestTargetID = BC0C9D09203830220067EBB8;
					};
					BC0C9D2B203830300067EBB8 = {
						CreatedOnToolsVersion = 9.2;
						ProvisioningStyle = Automatic;
						TestTargetID = BC0C9D09203830220067EBB8;
					};
				};
			};
			buildConfigurationList = BC0C9D05203830220067EBB8 /* Build configuration list for PBXProject "Swift Project" */;
			compatibilityVersion = "Xcode 8.0";
			developmentRegion = en;
			hasScannedForEncodings = 0;
			knownRegions = (
				en,
				Base,
			);
			mainGroup = BC0C9D01203830210067EBB8;
			productRefGroup = BC0C9D0B203830220067EBB8 /* Products */;
			projectDirPath = "";
			projectRoot = "";
			targets = (
				BC0C9D09203830220067EBB8 /* Swift Project */,
				BC0C9D20203830300067EBB8 /* Swift ProjectTests */,
				BC0C9D2B203830300067EBB8 /* Swift ProjectUITests */,
			);
		};
/* End PBXProject section */

/* Begin PBXResourcesBuildPhase section */
		BC0C9D08203830220067EBB8 /* Resources */ = {
			isa = PBXResourcesBuildPhase;
			buildActionMask = 2147483647;
			files = (
				BC0C9D18203830240067EBB8 /* Assets.xcassets in Resources */,
				BC0C9D13203830230067EBB8 /* Main.storyboard in Resources */,
			);
			runOnlyForDeploymentPostprocessing = 0;
		};
		BC0C9D1F203830300067EBB8 /* Resources */ = {
			isa = PBXResourcesBuildPhase;
			buildActionMask = 2147483647;
			files = (
			);
			runOnlyForDeploymentPostprocessing = 0;
		};
		BC0C9D2A203830300067EBB8 /* Resources */ = {
			isa = PBXResourcesBuildPhase;
			buildActionMask = 2147483647;
			files = (
			);
			runOnlyForDeploymentPostprocessing = 0;
		};
/* End PBXResourcesBuildPhase section */

/* Begin PBXSourcesBuildPhase section */
		BC0C9D06203830220067EBB8 /* Sources */ = {
			isa = PBXSourcesBuildPhase;
			buildActionMask = 2147483647;
			files = (
				BC322EB5205FDAF8005A20DE /* CoreDataSurveillanceDAO.swift in Sources */,
				BC99F0132046B83E00D2FBA0 /* ActiviteHeuresViewController.swift in Sources */,
				BC322EBD20611639005A20DE /* SymptomeExtension.swift in Sources */,
				BCFA136320666AC90013FF40 /* AjouterMedecinViewController.swift in Sources */,
				BC09AA0F205F17FB00FACC62 /* ActiviteDAO.swift in Sources */,
				BC09AA14205F21A400FACC62 /* HeureDAO.swift in Sources */,
				BC6AD69E205565B7001F1E04 /* SurveillanceDateViewController.swift in Sources */,
				BCFA135F206661B20013FF40 /* CoreDataMedecinDAO.swift in Sources */,
				FE3FC8B520667D340065D9F9 /* MedicamentDoseViewController.swift in Sources */,
				BC322EA6205F9C7D005A20DE /* CoreDataTypeSymptomeDAO.swift in Sources */,
				BC6AD6A5205573BF001F1E04 /* SpecialiteModel.swift in Sources */,
				BC7FA79B2063A962000824BE /* RDVAjoutHeureViewController.swift in Sources */,
				BE9F4C8B20594404002DBB3D /* TypeSymptomeExtension.swift in Sources */,
				BC6AD69C205565AC001F1E04 /* SurveillanceHeureViewController.swift in Sources */,
				BC14172F2056BDC2008A4B8B /* ActiviteListeViewController.swift in Sources */,
				BC567C88204BFBED00764B79 /* SymptomeAjoutViewController.swift in Sources */,
				BC646C5920501CAC004F3A2B /* ActiviteDateDebutViewController.swift in Sources */,
				BE4F32A220557AB900C6121A /* MedicamentDateFinViewController.swift in Sources */,
				FE4213AC2064E2E8004EC5D7 /* CellMedocCollectionViewCell.swift in Sources */,
				BECF995B20552A60009420DE /* MedicamentHeureViewController.swift in Sources */,
				BC322EAF205FB528005A20DE /* TypeSurveillanceDAO.swift in Sources */,
				BE9F4C7B2059212E002DBB3D /* MedecinExtension.swift in Sources */,
				BC7FA7992063A237000824BE /* RDVAjoutTempsViewController.swift in Sources */,
				BC7FA79520638732000824BE /* MedicamentDAO.swift in Sources */,
				BECF995D20552FF0009420DE /* MedicamentAjoutHeureViewController.swift in Sources */,
				BE4F32A420557BB600C6121A /* MedicamentAjoutViewController.swift in Sources */,
				BCFA135920664FB80013FF40 /* RDVListeViewController.swift in Sources */,
				FE3FC8CB206984990065D9F9 /* ResumeMedicamentViewController.swift in Sources */,
				BC6AD6B120557570001F1E04 /* TypeActiviteModel.swift in Sources */,
				BC322EA4205F9C4E005A20DE /* TypeSymptomeDAO.swift in Sources */,
				FE3FC8B220667BE70065D9F9 /* DoseMedicamentDAO.swift in Sources */,
				BC6AD6AD20557511001F1E04 /* TypeSymptomeModel.swift in Sources */,
				BE9F4C7420591323002DBB3D /* PatientExtension.swift in Sources */,
				BC6AD6A1205565CD001F1E04 /* SurveillanceAjoutViewController.swift in Sources */,
				BC7FA79720638794000824BE /* CoreDataMedicamentDAO.swift in Sources */,
				BE9F4C7D20592348002DBB3D /* CentreHospitalierExtension.swift in Sources */,
				BC0C9D16203830240067EBB8 /* Swift_Project.xcdatamodeld in Sources */,
				FE780161206656E20026E7D1 /* CellActiviteCollectionViewCell.swift in Sources */,
				BC7FA79D2063A976000824BE /* RDVAjoutDateViewController.swift in Sources */,
				FE3FC8A7206675F20065D9F9 /* MedicamentTypeViewController.swift in Sources */,
				BC567C82204B103E00764B79 /* SymptomeTypeViewController.swift in Sources */,
				BC322EAD205FB420005A20DE /* TypeSurveillanceSeed.swift in Sources */,
				BCD7C4F3205032190010A584 /* ActiviteAjoutViewController.swift in Sources */,
				BE9F4C852059385A002DBB3D /* SprecialiteExtension.swift in Sources */,
				BE9F4C81205926CC002DBB3D /* RendezVousExtension.swift in Sources */,
				BC646C5B20501F7E004F3A2B /* ActiviteDateFinViewController.swift in Sources */,
				BC322EB9205FEDE9005A20DE /* CoreDataManager.swift in Sources */,
				BC6AD6AF2055752C001F1E04 /* ActiviteModel.swift in Sources */,
				FE3FC8AB206676EA0065D9F9 /* CoreDateTypeMedicamentDAO.swift in Sources */,
				FE3FC8AF20667B390065D9F9 /* CoreDataDoseMedicamentDAO.swift in Sources */,
				BC0C9D10203830230067EBB8 /* ViewController.swift in Sources */,
				BCDB983F2056FA570081FCA9 /* SymptomeDateViewController.swift in Sources */,
				BECF995920545A81009420DE /* PatientModel.swift in Sources */,
				BCEEC3A42069412F00DEA125 /* CellRdvCollectionViewCell.swift in Sources */,
				BE9F4C8720593970002DBB3D /* TypeActiviteExtension.swift in Sources */,
				BC6FE5AA204487F100D862B6 /* ActiviteJoursViewController.swift in Sources */,
				BC322EA9205FA450005A20DE /* SymptomeDAO.swift in Sources */,
				BCFA135B20665B530013FF40 /* RDVAjoutViewController.swift in Sources */,
				BCFA135420664BB10013FF40 /* CoreDataRendezVousDAO.swift in Sources */,
				BC6FE5A8204465F900D862B6 /* ActiviteTypeViewController.swift in Sources */,
				BC086C682048564B006D2310 /* ActiviteHeureModallyViewController.swift in Sources */,
				BC322EBB2061152D005A20DE /* SymptomeModel.swift in Sources */,
				BC322EA2205F9A58005A20DE /* TypeSymptomeSeed.swift in Sources */,
				FE4213A920642657004EC5D7 /* AgendaViewController.swift in Sources */,
				BCE6D8F8205E9C77003068B8 /* JourSeed.swift in Sources */,
				BCE6D907205EA8EF003068B8 /* ProtocolDAOFactory.swift in Sources */,
				BCE6D903205EA821003068B8 /* DataHelper.swift in Sources */,
				BCE6D8FE205EA06F003068B8 /* JourDAO.swift in Sources */,
				BCFA135220664B290013FF40 /* RendezVousDAO.swift in Sources */,
				FE3FC8A3206673D70065D9F9 /* TypeMedicamentSeed.swift in Sources */,
				BC6AD6AB205574EE001F1E04 /* SurveillanceModel.swift in Sources */,
				BC6AD6B720557815001F1E04 /* ListeSymptomesModel.swift in Sources */,
				BE211F01205E7D36009AA058 /* SuiviPatientViewController.swift in Sources */,
				BC6AD6A9205574BD001F1E04 /* MedicamentModel.swift in Sources */,
				BC09AA11205F183200FACC62 /* CoreDataActiviteDAO.swift in Sources */,
				BCE6D905205EA8AF003068B8 /* CoreDataDAOFactory.swift in Sources */,
				BC04ED98203AE235008F6AC3 /* Contact Page.swift in Sources */,
				BC6FE5A62044434600D862B6 /* MedecinController.swift in Sources */,
				BC322EAB205FA487005A20DE /* CoreDataSymptomeDAO.swift in Sources */,
				BC322EB3205FDAC4005A20DE /* SurveillanceDAO.swift in Sources */,
				BE4F32A020557AAA00C6121A /* MedicamentDateDebutViewController.swift in Sources */,
				BE3107BA2057187D0087EA02 /* RDVAjoutInfosViewController.swift in Sources */,
				BC0C9D0E203830230067EBB8 /* AppDelegate.swift in Sources */,
				BE9F4C89205940E1002DBB3D /* TypeEvenementExtension.swift in Sources */,
				BECF995F20553523009420DE /* MedicamentDescriptionViewController.swift in Sources */,
				BC6AD6A720557435001F1E04 /* CentreHospitalierModel.swift in Sources */,
				BE9F4C8320592724002DBB3D /* RendezVousModel.swift in Sources */,
				BC09AA16205F21CF00FACC62 /* CoreDataHeureDAO.swift in Sources */,
				BCFA13502065AA130013FF40 /* MedicamentListeViewController.swift in Sources */,
				FE3FC8AD20667AD70065D9F9 /* DoseMedicamentSeed.swift in Sources */,
				BC322EB1205FB5EE005A20DE /* CoreDataTypeSurveillanceDAO.swift in Sources */,
				BC6AD69A20556595001F1E04 /* SurveillanceTypeViewController.swift in Sources */,
				BCFA135D206661290013FF40 /* MedecinDAO.swift in Sources */,
				BCDB983D2056F88C0081FCA9 /* SymptomeHeureViewController.swift in Sources */,
				BC6AD6A320557351001F1E04 /* MedecinModel.swift in Sources */,
				BCE6D8FF205EA592003068B8 /* CoreDataJourDAO.swift in Sources */,
				FE3FC8CD2069BE8E0065D9F9 /* ResumeActiviteViewController.swift in Sources */,
				FE3FC8A9206676C30065D9F9 /* TypeMedicamentDAO.swift in Sources */,
			);
			runOnlyForDeploymentPostprocessing = 0;
		};
		BC0C9D1D203830300067EBB8 /* Sources */ = {
			isa = PBXSourcesBuildPhase;
			buildActionMask = 2147483647;
			files = (
				FE4213AD2064E2E8004EC5D7 /* CellMedocCollectionViewCell.swift in Sources */,
				BC0C9D26203830300067EBB8 /* Swift_ProjectTests.swift in Sources */,
			);
			runOnlyForDeploymentPostprocessing = 0;
		};
		BC0C9D28203830300067EBB8 /* Sources */ = {
			isa = PBXSourcesBuildPhase;
			buildActionMask = 2147483647;
			files = (
				BC0C9D31203830310067EBB8 /* Swift_ProjectUITests.swift in Sources */,
			);
			runOnlyForDeploymentPostprocessing = 0;
		};
/* End PBXSourcesBuildPhase section */

/* Begin PBXTargetDependency section */
		BC0C9D23203830300067EBB8 /* PBXTargetDependency */ = {
			isa = PBXTargetDependency;
			target = BC0C9D09203830220067EBB8 /* Swift Project */;
			targetProxy = BC0C9D22203830300067EBB8 /* PBXContainerItemProxy */;
		};
		BC0C9D2E203830310067EBB8 /* PBXTargetDependency */ = {
			isa = PBXTargetDependency;
			target = BC0C9D09203830220067EBB8 /* Swift Project */;
			targetProxy = BC0C9D2D203830310067EBB8 /* PBXContainerItemProxy */;
		};
/* End PBXTargetDependency section */

/* Begin PBXVariantGroup section */
		BC0C9D11203830230067EBB8 /* Main.storyboard */ = {
			isa = PBXVariantGroup;
			children = (
				BC0C9D12203830230067EBB8 /* Base */,
			);
			name = Main.storyboard;
			sourceTree = "<group>";
		};
/* End PBXVariantGroup section */

/* Begin XCBuildConfiguration section */
		BC0C9D33203830310067EBB8 /* Debug */ = {
			isa = XCBuildConfiguration;
			buildSettings = {
				ALWAYS_SEARCH_USER_PATHS = NO;
				CLANG_ANALYZER_NONNULL = YES;
				CLANG_ANALYZER_NUMBER_OBJECT_CONVERSION = YES_AGGRESSIVE;
				CLANG_CXX_LANGUAGE_STANDARD = "gnu++14";
				CLANG_CXX_LIBRARY = "libc++";
				CLANG_ENABLE_MODULES = YES;
				CLANG_ENABLE_OBJC_ARC = YES;
				CLANG_WARN_BLOCK_CAPTURE_AUTORELEASING = YES;
				CLANG_WARN_BOOL_CONVERSION = YES;
				CLANG_WARN_COMMA = YES;
				CLANG_WARN_CONSTANT_CONVERSION = YES;
				CLANG_WARN_DIRECT_OBJC_ISA_USAGE = YES_ERROR;
				CLANG_WARN_DOCUMENTATION_COMMENTS = YES;
				CLANG_WARN_EMPTY_BODY = YES;
				CLANG_WARN_ENUM_CONVERSION = YES;
				CLANG_WARN_INFINITE_RECURSION = YES;
				CLANG_WARN_INT_CONVERSION = YES;
				CLANG_WARN_NON_LITERAL_NULL_CONVERSION = YES;
				CLANG_WARN_OBJC_LITERAL_CONVERSION = YES;
				CLANG_WARN_OBJC_ROOT_CLASS = YES_ERROR;
				CLANG_WARN_RANGE_LOOP_ANALYSIS = YES;
				CLANG_WARN_STRICT_PROTOTYPES = YES;
				CLANG_WARN_SUSPICIOUS_MOVE = YES;
				CLANG_WARN_UNGUARDED_AVAILABILITY = YES_AGGRESSIVE;
				CLANG_WARN_UNREACHABLE_CODE = YES;
				CLANG_WARN__DUPLICATE_METHOD_MATCH = YES;
				CODE_SIGN_IDENTITY = "iPhone Developer";
				COPY_PHASE_STRIP = NO;
				DEBUG_INFORMATION_FORMAT = dwarf;
				ENABLE_STRICT_OBJC_MSGSEND = YES;
				ENABLE_TESTABILITY = YES;
				GCC_C_LANGUAGE_STANDARD = gnu11;
				GCC_DYNAMIC_NO_PIC = NO;
				GCC_NO_COMMON_BLOCKS = YES;
				GCC_OPTIMIZATION_LEVEL = 0;
				GCC_PREPROCESSOR_DEFINITIONS = (
					"DEBUG=1",
					"$(inherited)",
				);
				GCC_WARN_64_TO_32_BIT_CONVERSION = YES;
				GCC_WARN_ABOUT_RETURN_TYPE = YES_ERROR;
				GCC_WARN_UNDECLARED_SELECTOR = YES;
				GCC_WARN_UNINITIALIZED_AUTOS = YES_AGGRESSIVE;
				GCC_WARN_UNUSED_FUNCTION = YES;
				GCC_WARN_UNUSED_VARIABLE = YES;
				IPHONEOS_DEPLOYMENT_TARGET = 10.3;
				MTL_ENABLE_DEBUG_INFO = YES;
				ONLY_ACTIVE_ARCH = YES;
				SDKROOT = iphoneos;
				SWIFT_ACTIVE_COMPILATION_CONDITIONS = DEBUG;
				SWIFT_OPTIMIZATION_LEVEL = "-Onone";
			};
			name = Debug;
		};
		BC0C9D34203830310067EBB8 /* Release */ = {
			isa = XCBuildConfiguration;
			buildSettings = {
				ALWAYS_SEARCH_USER_PATHS = NO;
				CLANG_ANALYZER_NONNULL = YES;
				CLANG_ANALYZER_NUMBER_OBJECT_CONVERSION = YES_AGGRESSIVE;
				CLANG_CXX_LANGUAGE_STANDARD = "gnu++14";
				CLANG_CXX_LIBRARY = "libc++";
				CLANG_ENABLE_MODULES = YES;
				CLANG_ENABLE_OBJC_ARC = YES;
				CLANG_WARN_BLOCK_CAPTURE_AUTORELEASING = YES;
				CLANG_WARN_BOOL_CONVERSION = YES;
				CLANG_WARN_COMMA = YES;
				CLANG_WARN_CONSTANT_CONVERSION = YES;
				CLANG_WARN_DIRECT_OBJC_ISA_USAGE = YES_ERROR;
				CLANG_WARN_DOCUMENTATION_COMMENTS = YES;
				CLANG_WARN_EMPTY_BODY = YES;
				CLANG_WARN_ENUM_CONVERSION = YES;
				CLANG_WARN_INFINITE_RECURSION = YES;
				CLANG_WARN_INT_CONVERSION = YES;
				CLANG_WARN_NON_LITERAL_NULL_CONVERSION = YES;
				CLANG_WARN_OBJC_LITERAL_CONVERSION = YES;
				CLANG_WARN_OBJC_ROOT_CLASS = YES_ERROR;
				CLANG_WARN_RANGE_LOOP_ANALYSIS = YES;
				CLANG_WARN_STRICT_PROTOTYPES = YES;
				CLANG_WARN_SUSPICIOUS_MOVE = YES;
				CLANG_WARN_UNGUARDED_AVAILABILITY = YES_AGGRESSIVE;
				CLANG_WARN_UNREACHABLE_CODE = YES;
				CLANG_WARN__DUPLICATE_METHOD_MATCH = YES;
				CODE_SIGN_IDENTITY = "iPhone Developer";
				COPY_PHASE_STRIP = NO;
				DEBUG_INFORMATION_FORMAT = "dwarf-with-dsym";
				ENABLE_NS_ASSERTIONS = NO;
				ENABLE_STRICT_OBJC_MSGSEND = YES;
				GCC_C_LANGUAGE_STANDARD = gnu11;
				GCC_NO_COMMON_BLOCKS = YES;
				GCC_WARN_64_TO_32_BIT_CONVERSION = YES;
				GCC_WARN_ABOUT_RETURN_TYPE = YES_ERROR;
				GCC_WARN_UNDECLARED_SELECTOR = YES;
				GCC_WARN_UNINITIALIZED_AUTOS = YES_AGGRESSIVE;
				GCC_WARN_UNUSED_FUNCTION = YES;
				GCC_WARN_UNUSED_VARIABLE = YES;
				IPHONEOS_DEPLOYMENT_TARGET = 10.3;
				MTL_ENABLE_DEBUG_INFO = NO;
				SDKROOT = iphoneos;
				SWIFT_OPTIMIZATION_LEVEL = "-Owholemodule";
				VALIDATE_PRODUCT = YES;
			};
			name = Release;
		};
		BC0C9D36203830310067EBB8 /* Debug */ = {
			isa = XCBuildConfiguration;
			buildSettings = {
				ASSETCATALOG_COMPILER_APPICON_NAME = AppIcon;
				CODE_SIGN_STYLE = Automatic;
				DEVELOPMENT_TEAM = S7KSHL8K5A;
				INFOPLIST_FILE = "Swift Project/Info.plist";
				LD_RUNPATH_SEARCH_PATHS = "$(inherited) @executable_path/Frameworks";
				PRODUCT_BUNDLE_IDENTIFIER = "Polytech.Swift-Project";
				PRODUCT_NAME = "$(TARGET_NAME)";
				SWIFT_VERSION = 4.0;
				TARGETED_DEVICE_FAMILY = "1,2";
			};
			name = Debug;
		};
		BC0C9D37203830310067EBB8 /* Release */ = {
			isa = XCBuildConfiguration;
			buildSettings = {
				ASSETCATALOG_COMPILER_APPICON_NAME = AppIcon;
				CODE_SIGN_STYLE = Automatic;
				DEVELOPMENT_TEAM = S7KSHL8K5A;
				INFOPLIST_FILE = "Swift Project/Info.plist";
				LD_RUNPATH_SEARCH_PATHS = "$(inherited) @executable_path/Frameworks";
				PRODUCT_BUNDLE_IDENTIFIER = "Polytech.Swift-Project";
				PRODUCT_NAME = "$(TARGET_NAME)";
				SWIFT_VERSION = 4.0;
				TARGETED_DEVICE_FAMILY = "1,2";
			};
			name = Release;
		};
		BC0C9D39203830310067EBB8 /* Debug */ = {
			isa = XCBuildConfiguration;
			buildSettings = {
				ALWAYS_EMBED_SWIFT_STANDARD_LIBRARIES = YES;
				BUNDLE_LOADER = "$(TEST_HOST)";
				CODE_SIGN_STYLE = Automatic;
				INFOPLIST_FILE = "Swift ProjectTests/Info.plist";
				LD_RUNPATH_SEARCH_PATHS = "$(inherited) @executable_path/Frameworks @loader_path/Frameworks";
				PRODUCT_BUNDLE_IDENTIFIER = "Polytech.Swift-ProjectTests";
				PRODUCT_NAME = "$(TARGET_NAME)";
				SWIFT_VERSION = 4.0;
				TARGETED_DEVICE_FAMILY = "1,2";
				TEST_HOST = "$(BUILT_PRODUCTS_DIR)/Swift Project.app/Swift Project";
			};
			name = Debug;
		};
		BC0C9D3A203830310067EBB8 /* Release */ = {
			isa = XCBuildConfiguration;
			buildSettings = {
				ALWAYS_EMBED_SWIFT_STANDARD_LIBRARIES = YES;
				BUNDLE_LOADER = "$(TEST_HOST)";
				CODE_SIGN_STYLE = Automatic;
				INFOPLIST_FILE = "Swift ProjectTests/Info.plist";
				LD_RUNPATH_SEARCH_PATHS = "$(inherited) @executable_path/Frameworks @loader_path/Frameworks";
				PRODUCT_BUNDLE_IDENTIFIER = "Polytech.Swift-ProjectTests";
				PRODUCT_NAME = "$(TARGET_NAME)";
				SWIFT_VERSION = 4.0;
				TARGETED_DEVICE_FAMILY = "1,2";
				TEST_HOST = "$(BUILT_PRODUCTS_DIR)/Swift Project.app/Swift Project";
			};
			name = Release;
		};
		BC0C9D3C203830310067EBB8 /* Debug */ = {
			isa = XCBuildConfiguration;
			buildSettings = {
				ALWAYS_EMBED_SWIFT_STANDARD_LIBRARIES = YES;
				CODE_SIGN_STYLE = Automatic;
				INFOPLIST_FILE = "Swift ProjectUITests/Info.plist";
				LD_RUNPATH_SEARCH_PATHS = "$(inherited) @executable_path/Frameworks @loader_path/Frameworks";
				PRODUCT_BUNDLE_IDENTIFIER = "Polytech.Swift-ProjectUITests";
				PRODUCT_NAME = "$(TARGET_NAME)";
				SWIFT_VERSION = 4.0;
				TARGETED_DEVICE_FAMILY = "1,2";
				TEST_TARGET_NAME = "Swift Project";
			};
			name = Debug;
		};
		BC0C9D3D203830310067EBB8 /* Release */ = {
			isa = XCBuildConfiguration;
			buildSettings = {
				ALWAYS_EMBED_SWIFT_STANDARD_LIBRARIES = YES;
				CODE_SIGN_STYLE = Automatic;
				INFOPLIST_FILE = "Swift ProjectUITests/Info.plist";
				LD_RUNPATH_SEARCH_PATHS = "$(inherited) @executable_path/Frameworks @loader_path/Frameworks";
				PRODUCT_BUNDLE_IDENTIFIER = "Polytech.Swift-ProjectUITests";
				PRODUCT_NAME = "$(TARGET_NAME)";
				SWIFT_VERSION = 4.0;
				TARGETED_DEVICE_FAMILY = "1,2";
				TEST_TARGET_NAME = "Swift Project";
			};
			name = Release;
		};
/* End XCBuildConfiguration section */

/* Begin XCConfigurationList section */
		BC0C9D05203830220067EBB8 /* Build configuration list for PBXProject "Swift Project" */ = {
			isa = XCConfigurationList;
			buildConfigurations = (
				BC0C9D33203830310067EBB8 /* Debug */,
				BC0C9D34203830310067EBB8 /* Release */,
			);
			defaultConfigurationIsVisible = 0;
			defaultConfigurationName = Release;
		};
		BC0C9D35203830310067EBB8 /* Build configuration list for PBXNativeTarget "Swift Project" */ = {
			isa = XCConfigurationList;
			buildConfigurations = (
				BC0C9D36203830310067EBB8 /* Debug */,
				BC0C9D37203830310067EBB8 /* Release */,
			);
			defaultConfigurationIsVisible = 0;
			defaultConfigurationName = Release;
		};
		BC0C9D38203830310067EBB8 /* Build configuration list for PBXNativeTarget "Swift ProjectTests" */ = {
			isa = XCConfigurationList;
			buildConfigurations = (
				BC0C9D39203830310067EBB8 /* Debug */,
				BC0C9D3A203830310067EBB8 /* Release */,
			);
			defaultConfigurationIsVisible = 0;
			defaultConfigurationName = Release;
		};
		BC0C9D3B203830310067EBB8 /* Build configuration list for PBXNativeTarget "Swift ProjectUITests" */ = {
			isa = XCConfigurationList;
			buildConfigurations = (
				BC0C9D3C203830310067EBB8 /* Debug */,
				BC0C9D3D203830310067EBB8 /* Release */,
			);
			defaultConfigurationIsVisible = 0;
			defaultConfigurationName = Release;
		};
/* End XCConfigurationList section */

/* Begin XCVersionGroup section */
		BC0C9D14203830230067EBB8 /* Swift_Project.xcdatamodeld */ = {
			isa = XCVersionGroup;
			children = (
				BC0C9D15203830230067EBB8 /* Swift_Project.xcdatamodel */,
			);
			currentVersion = BC0C9D15203830230067EBB8 /* Swift_Project.xcdatamodel */;
			path = Swift_Project.xcdatamodeld;
			sourceTree = "<group>";
			versionGroupType = wrapper.xcdatamodel;
		};
/* End XCVersionGroup section */
	};
	rootObject = BC0C9D02203830220067EBB8 /* Project object */;
}
